
Microsoft Visual Studio Solution File, Format Version 11.00
# Visual Studio 2010
Project("{FAE04EC0-301F-11D3-BF4B-00C04F79EFBC}") = "MetasploitPayloadUtility", "MetasploitPayloadUtility\MetasploitPayloadUtility.csproj", "{21ACEF5A-0C77-4407-924F-F0F5312888DD}"
EndProject
Project("{FAE04EC0-301F-11D3-BF4B-00C04F79EFBC}") = "metasploit-sharp", "..\metasploit-sharp\metasploit-sharp\metasploit-sharp.csproj", "{7406EF69-41DD-467A-90F9-BB34FBC39C0C}"
EndProject
Project("{FAE04EC0-301F-11D3-BF4B-00C04F79EFBC}") = "MsgPack.Mono", "..\msgpack-cli\src\MsgPack.Mono\MsgPack.Mono.csproj", "{6E8C2296-21E9-4113-89C4-76376516AA14}"
EndProject
Global
	GlobalSection(SolutionConfigurationPlatforms) = preSolution
		Debug|x86 = Debug|x86
		Release|x86 = Release|x86
	EndGlobalSection
	GlobalSection(ProjectConfigurationPlatforms) = postSolution
		{21ACEF5A-0C77-4407-924F-F0F5312888DD}.Debug|x86.ActiveCfg = Debug|x86
		{21ACEF5A-0C77-4407-924F-F0F5312888DD}.Debug|x86.Build.0 = Debug|x86
		{21ACEF5A-0C77-4407-924F-F0F5312888DD}.Release|x86.ActiveCfg = Release|x86
		{21ACEF5A-0C77-4407-924F-F0F5312888DD}.Release|x86.Build.0 = Release|x86
		{6E8C2296-21E9-4113-89C4-76376516AA14}.Debug|x86.ActiveCfg = Debug|Any CPU
		{6E8C2296-21E9-4113-89C4-76376516AA14}.Debug|x86.Build.0 = Debug|Any CPU
		{6E8C2296-21E9-4113-89C4-76376516AA14}.Release|x86.ActiveCfg = Release|Any CPU
		{6E8C2296-21E9-4113-89C4-76376516AA14}.Release|x86.Build.0 = Release|Any CPU
		{7406EF69-41DD-467A-90F9-BB34FBC39C0C}.Debug|x86.ActiveCfg = Debug|x86
		{7406EF69-41DD-467A-90F9-BB34FBC39C0C}.Debug|x86.Build.0 = Debug|x86
		{7406EF69-41DD-467A-90F9-BB34FBC39C0C}.Release|x86.ActiveCfg = Release|x86
		{7406EF69-41DD-467A-90F9-BB34FBC39C0C}.Release|x86.Build.0 = Release|x86
	EndGlobalSection
	GlobalSection(MonoDevelopProperties) = preSolution
		StartupItem = MetasploitPayloadUtility\MetasploitPayloadUtility.csproj
	EndGlobalSection
EndGlobal
